# THIS IS AN AUTOGENERATED FILE. DO NOT EDIT THIS FILE DIRECTLY.
# yarn lockfile v1


"@array-like/alloc@^0.0.1":
  version "0.0.1"
  resolved "https://registry.yarnpkg.com/@array-like/alloc/-/alloc-0.0.1.tgz#2e013fa83dc278d2b0b7f9cb8747795d8a0abbff"
  integrity sha512-IwWJV6E2McrwXbzKttW6haVvIYWMFKtXXD7H1SkyfzulfShUar28mcrvo6fXRF+atBxFFAy5CAXg2ymMsTaC+g==

"@array-like/copy@^0.0.1":
  version "0.0.1"
  resolved "https://registry.yarnpkg.com/@array-like/copy/-/copy-0.0.1.tgz#74f2c12d8565b7ae1eec44175de7378110addf07"
  integrity sha512-pdEazwiYER03ebO0rTEY1EytjHeWeCr7fm7FbLd7fhuqOTfCFIIL0tlfzQDX6YHJ1D219PsMEKyI5OO/mq7rzg==

"@array-like/fill@^0.0.1":
  version "0.0.1"
  resolved "https://registry.yarnpkg.com/@array-like/fill/-/fill-0.0.1.tgz#1d841eb4d4a6eaf6680879beb7761a88bb86bd1b"
  integrity sha512-shS1T+Kmfwv/rkh6G329imbUXoH3jcVV+ijjuDmYAefWUSqZI+exTZ5fDqmlUJoQLgJ2DBwvKAxHis3Mne/fgA==

"@collection-abstraction/pairs@^5.0.0":
  version "5.0.0"
  resolved "https://registry.yarnpkg.com/@collection-abstraction/pairs/-/pairs-5.0.0.tgz#ae75cddb3c44355afb5bfba84dc822938bd7e59b"
  integrity sha512-ep2ufIbjgiPds82rVRwj/iQxD4VlVGiH3V+uiBZFueM4eDjIfb+8jsIa2XTGavQzLNY6lhWdB/Lb2XIcO2vxgw==
  dependencies:
    "@failure-abstraction/error" "^6.0.0"
    "@iterable-iterator/filter" "^1.0.0"
    "@iterable-iterator/map" "^1.0.0"

"@comparison-sorting/is-sorted@^0.0.1":
  version "0.0.1"
  resolved "https://registry.yarnpkg.com/@comparison-sorting/is-sorted/-/is-sorted-0.0.1.tgz#db4d0e0e78f2e06a01a90a490cbc5210d07687c7"
  integrity sha512-hi9Nk2Pp8VKuN1AG1OFDiCOJT0ByPQ2s8GiO1hAXYPEPq7CNU2HRKUtYK4qrP2rHwcXmmM/v6AKjL3SES7uPSw==

"@failure-abstraction/error@^6.0.0", "@failure-abstraction/error@^6.0.1":
  version "6.0.1"
  resolved "https://registry.yarnpkg.com/@failure-abstraction/error/-/error-6.0.1.tgz#ab6929395c7ed3ec74d86db2976e74e31f9569e2"
  integrity sha512-KvIHhvwfrgbUduQbk55WRDGL2XcXjDLwleId+pSnK7mUUIY7zMGMy3N+ouDcOFymme48tKDlarKsYj5mEEd3fg==

"@iterable-iterator/count@^1.0.1":
  version "1.0.1"
  resolved "https://registry.yarnpkg.com/@iterable-iterator/count/-/count-1.0.1.tgz#37c13ff5cb43528280fcf0c2c0791475ebff4cf2"
  integrity sha512-nLBcrNownYvXgye2CVnQvTjZ5d3C2b/5nrySDvQ9/7ej5pGSfkvYvIl4xcZcocViwIa49p6/72nkcDC1xkvpJg==

"@iterable-iterator/filter@^1.0.0":
  version "1.0.1"
  resolved "https://registry.yarnpkg.com/@iterable-iterator/filter/-/filter-1.0.1.tgz#149858f413a8cfb902bdd96887a2bc7de7ec4534"
  integrity sha512-VmzhUaCBuNxwp/xMovarIAgoxkBWHqMIklWWMYPaS0nF7T8HM6ilSre/5iRpBz8sRZNHcPcoeLPFzmxtGo9ptQ==
  dependencies:
    "@iterable-iterator/zip" "^1.0.1"

"@iterable-iterator/iter@^1.0.1":
  version "1.0.1"
  resolved "https://registry.yarnpkg.com/@iterable-iterator/iter/-/iter-1.0.1.tgz#11149acef0d28b689e0b998dc478113eda81871d"
  integrity sha512-/C/Ciq69we9C0wvqx0rOdnpXAoSW+UnyIV/ZQrUYDzmtguvUQ4HjiIPcU2Csdh705VS6TMkUhoaBHIGh44V3OA==

"@iterable-iterator/list@^1.0.0", "@iterable-iterator/list@^1.0.1":
  version "1.0.1"
  resolved "https://registry.yarnpkg.com/@iterable-iterator/list/-/list-1.0.1.tgz#e84fd841d7d58c2ad6d0c026f0612c8228dc97f5"
  integrity sha512-234a2cf0a0YhD1Ofb3F0xSjXDkqDK1xCiLnXoMUt/DWAt/odAvJToaxEFMemiKlAUvqF6E8MSi2v2UvlIOpBUA==

"@iterable-iterator/map@^1.0.0", "@iterable-iterator/map@^1.0.1":
  version "1.0.1"
  resolved "https://registry.yarnpkg.com/@iterable-iterator/map/-/map-1.0.1.tgz#7e4d82cb86877bf487e075347fde990ed21844da"
  integrity sha512-lUvX8/OCYRdof3eZii8ntJUvqW1MlL2ESkIcQj3cagajKVfBIBj058wE4ScrzQl6U2udMva/n2NwP70smdfZ+g==

"@iterable-iterator/next@^2.0.1":
  version "2.0.1"
  resolved "https://registry.yarnpkg.com/@iterable-iterator/next/-/next-2.0.1.tgz#b58a7471984cd1165e3b93e3fea646f4137b370f"
  integrity sha512-D4E5JSH7xFEQqmJI8XMaotest1L1RM6wJssEDFRva81oZNZwPYmTlKErPZZVLnrZU/wTflEVwrImxUacoIZK3Q==
  dependencies:
    "@failure-abstraction/error" "^6.0.1"

"@iterable-iterator/repeat@^1.0.1":
  version "1.0.1"
  resolved "https://registry.yarnpkg.com/@iterable-iterator/repeat/-/repeat-1.0.1.tgz#7724b993a80c014483c4f0d37c503ee460ac7b6d"
  integrity sha512-xwkIHYQNvxQvA8nMYrev41iCmokXosojMpHEfME8Q8ubzEQlsYS8rSqiydgMYPu/lPg1MyYRVzWazFDAShTwtg==

"@iterable-iterator/sorted@^1.0.0":
  version "1.0.0"
  resolved "https://registry.yarnpkg.com/@iterable-iterator/sorted/-/sorted-1.0.0.tgz#d1b93cb1bb50fe6af2851b4505d2ee2df0d406dc"
  integrity sha512-raMmDjKLp25F51NGnnq3fK4lvkaHZdzB5Pt9AiMKoZKgU8gX0yM+FrdKzMG+RZswtVxre+nrR3Z6E1oGESRfzg==
  dependencies:
    "@iterable-iterator/list" "^1.0.0"

"@iterable-iterator/zip@^1.0.1":
  version "1.0.1"
  resolved "https://registry.yarnpkg.com/@iterable-iterator/zip/-/zip-1.0.1.tgz#02bd6241262b6f8f4d041aca187e9ee101b7a623"
  integrity sha512-GRmwFuNRbj9ZQ6MAThCu46sZjZk/sPPxHqy2OSMXQ7tfcTGDEO2tAM+fi7WZOlAFRen9UIsS2Q1wtQ8tFPhgnQ==
  dependencies:
    "@iterable-iterator/count" "^1.0.1"
    "@iterable-iterator/iter" "^1.0.1"
    "@iterable-iterator/list" "^1.0.1"
    "@iterable-iterator/map" "^1.0.1"
    "@iterable-iterator/next" "^2.0.1"
    "@iterable-iterator/repeat" "^1.0.1"

"@total-order/key@^1.0.0":
  version "1.0.0"
  resolved "https://registry.yarnpkg.com/@total-order/key/-/key-1.0.0.tgz#3d59fcf9bae9bb79231f83c7671f38802395ccde"
  integrity sha512-IPrGrxeqP6Oe7b1hrjUzDIWqMiLZV1qmlugbburk4neQKNPyjvQD1WKl0cCNepA20bwS/HrCyCCbRHPAsFm2rA==

"@total-order/lex@^1.0.0":
  version "1.0.0"
  resolved "https://registry.yarnpkg.com/@total-order/lex/-/lex-1.0.0.tgz#6ecbf85442c1892d008b2415c8ea0ba57e757948"
  integrity sha512-D4KM/U13QXdPNJDSW67Ux9dqCr9jUTK4APYtBYrL9cveIv14ewx6SMgsrJS/bgHm0/F6T4lgq3oNkKsYxDZYAQ==

"@total-order/primitive@^1.0.1":
  version "1.0.1"
  resolved "https://registry.yarnpkg.com/@total-order/primitive/-/primitive-1.0.1.tgz#7e409d303a2a3b24ed2af30bd9068027d6a4a326"
  integrity sha512-BXCXyXoQIpdwFkplPRTuxFB0I1GHHia4t22bLAEqjdk48DFwQMwSbHq1EdLA81X/eFC/b6RdVxG4Q+WEcfs0aA==

benchmark@^2.1.4:
  version "2.1.4"
  resolved "https://registry.yarnpkg.com/benchmark/-/benchmark-2.1.4.tgz#09f3de31c916425d498cc2ee565a0ebf3c2a5629"
  integrity sha1-CfPeMckWQl1JjMLuVloOvzwqVik=
  dependencies:
    lodash "^4.17.4"
    platform "^1.3.3"

lodash@^4.17.4:
  version "4.17.21"
  resolved "https://registry.yarnpkg.com/lodash/-/lodash-4.17.21.tgz#679591c564c3bffaae8454cf0b3df370c3d6911c"
  integrity sha512-v2kDEe57lecTulaDIuNTPy3Ry4gLGJ6Z1O3vE1krgXZNrsQ+LFTGHVxVjcXPs17LhbZVGedAJv8XZ1tvj5FvSg==

platform@^1.3.3:
  version "1.3.6"
  resolved "https://registry.yarnpkg.com/platform/-/platform-1.3.6.tgz#48b4ce983164b209c2d45a107adb31f473a6e7a7"
  integrity sha512-fnWVljUchTro6RiCFvCXBbNhJc2NijN7oIQxbwsyL0buWJPG85v81ehlHI9fXrJsMNgTofEoWIQeClKpgxFLrg==

radixsort@^1.0.1:
  version "1.0.1"
  resolved "https://registry.yarnpkg.com/radixsort/-/radixsort-1.0.1.tgz#09d74096d161930f15471793f46a242ed7e52ba1"
  integrity sha1-CddAltFhkw8VRxeT9GokLtflK6E=

regenerator-runtime@^0.13.9:
  version "0.13.9"
  resolved "https://registry.yarnpkg.com/regenerator-runtime/-/regenerator-runtime-0.13.9.tgz#8925742a98ffd90814988d7566ad30ca3b263b52"
  integrity sha512-p3VT+cOEgxFsRRA9X4lkI1E+k2/CtnKtU4gcxyaCUreilL/vqI6CdZ3wxVUx3UOUg+gnUOQQcRI7BmSI656MYA==

total-order@^4.0.1:
  version "4.0.1"
  resolved "https://registry.yarnpkg.com/total-order/-/total-order-4.0.1.tgz#07c9a212b61cfc682146393e6c18c07f6472faea"
  integrity sha512-5dVtdQMZTPNpJvSdObzbC4eK876YOJJyn9QEwJmaUQKywBG3T6yfNn7sxXGM8T8pVoMG8LfG7HCuOv3xvoZuTw==
  dependencies:
    "@collection-abstraction/pairs" "^5.0.0"
    "@total-order/key" "^1.0.0"
    "@total-order/lex" "^1.0.0"
    "@total-order/primitive" "^1.0.1"
